// !$*UTF8*$!
{
	archiveVersion = 1;
	classes = {
	};
	objectVersion = 56;
	objects = {

/* Begin PBXBuildFile section */
		E45563B92A6A136300AB767D /* PDFGeneratorApp.swift in Sources */ = {isa = PBXBuildFile; fileRef = E45563B82A6A136300AB767D /* PDFGeneratorApp.swift */; };
		E45563BB2A6A136300AB767D /* ContentView.swift in Sources */ = {isa = PBXBuildFile; fileRef = E45563BA2A6A136300AB767D /* ContentView.swift */; };
		E45563BD2A6A136500AB767D /* Assets.xcassets in Resources */ = {isa = PBXBuildFile; fileRef = E45563BC2A6A136500AB767D /* Assets.xcassets */; };
		E45563C02A6A136500AB767D /* Preview Assets.xcassets in Resources */ = {isa = PBXBuildFile; fileRef = E45563BF2A6A136500AB767D /* Preview Assets.xcassets */; };
		E45563CE2A6A2EA400AB767D /* DataFile.swift in Sources */ = {isa = PBXBuildFile; fileRef = E45563CD2A6A2EA400AB767D /* DataFile.swift */; };
		E45563D02A6A30B400AB767D /* DataViewModel.swift in Sources */ = {isa = PBXBuildFile; fileRef = E45563CF2A6A30B400AB767D /* DataViewModel.swift */; };
		E45563D72A6A5A1100AB767D /* PDFChangeView.swift in Sources */ = {isa = PBXBuildFile; fileRef = E45563D62A6A5A1100AB767D /* PDFChangeView.swift */; };
		E45563DB2A6AA0C000AB767D /* CreateTestView.swift in Sources */ = {isa = PBXBuildFile; fileRef = E45563DA2A6AA0C000AB767D /* CreateTestView.swift */; };
		E4BB246D2A6ADCB5006D0CAD /* TextAndTextFieldView.swift in Sources */ = {isa = PBXBuildFile; fileRef = E4BB246C2A6ADCB4006D0CAD /* TextAndTextFieldView.swift */; };
/* End PBXBuildFile section */

/* Begin PBXFileReference section */
		E45563B52A6A136300AB767D /* PDFGenerator.app */ = {isa = PBXFileReference; explicitFileType = wrapper.application; includeInIndex = 0; path = PDFGenerator.app; sourceTree = BUILT_PRODUCTS_DIR; };
		E45563B82A6A136300AB767D /* PDFGeneratorApp.swift */ = {isa = PBXFileReference; lastKnownFileType = sourcecode.swift; path = PDFGeneratorApp.swift; sourceTree = "<group>"; };
		E45563BA2A6A136300AB767D /* ContentView.swift */ = {isa = PBXFileReference; lastKnownFileType = sourcecode.swift; path = ContentView.swift; sourceTree = "<group>"; };
		E45563BC2A6A136500AB767D /* Assets.xcassets */ = {isa = PBXFileReference; lastKnownFileType = folder.assetcatalog; path = Assets.xcassets; sourceTree = "<group>"; };
		E45563BF2A6A136500AB767D /* Preview Assets.xcassets */ = {isa = PBXFileReference; lastKnownFileType = folder.assetcatalog; path = "Preview Assets.xcassets"; sourceTree = "<group>"; };
		E45563CD2A6A2EA400AB767D /* DataFile.swift */ = {isa = PBXFileReference; lastKnownFileType = sourcecode.swift; path = DataFile.swift; sourceTree = "<group>"; };
		E45563CF2A6A30B400AB767D /* DataViewModel.swift */ = {isa = PBXFileReference; lastKnownFileType = sourcecode.swift; path = DataViewModel.swift; sourceTree = "<group>"; };
		E45563D62A6A5A1100AB767D /* PDFChangeView.swift */ = {isa = PBXFileReference; lastKnownFileType = sourcecode.swift; path = PDFChangeView.swift; sourceTree = "<group>"; };
		E45563DA2A6AA0C000AB767D /* CreateTestView.swift */ = {isa = PBXFileReference; lastKnownFileType = sourcecode.swift; path = CreateTestView.swift; sourceTree = "<group>"; };
		E4BB246C2A6ADCB4006D0CAD /* TextAndTextFieldView.swift */ = {isa = PBXFileReference; lastKnownFileType = sourcecode.swift; path = TextAndTextFieldView.swift; sourceTree = "<group>"; };
/* End PBXFileReference section */

/* Begin PBXFrameworksBuildPhase section */
		E45563B22A6A136300AB767D /* Frameworks */ = {
			isa = PBXFrameworksBuildPhase;
			buildActionMask = 2147483647;
			files = (
			);
			runOnlyForDeploymentPostprocessing = 0;
		};
/* End PBXFrameworksBuildPhase section */

/* Begin PBXGroup section */
		E45563AC2A6A136300AB767D = {
			isa = PBXGroup;
			children = (
				E45563B72A6A136300AB767D /* PDFGenerator */,
				E45563B62A6A136300AB767D /* Products */,
			);
			sourceTree = "<group>";
		};
		E45563B62A6A136300AB767D /* Products */ = {
			isa = PBXGroup;
			children = (
				E45563B52A6A136300AB767D /* PDFGenerator.app */,
			);
			name = Products;
			sourceTree = "<group>";
		};
		E45563B72A6A136300AB767D /* PDFGenerator */ = {
			isa = PBXGroup;
			children = (
				E45563B82A6A136300AB767D /* PDFGeneratorApp.swift */,
				E45563BA2A6A136300AB767D /* ContentView.swift */,
				E4979D762A6BB62D000DC4F6 /* TestMaker */,
				E45563BC2A6A136500AB767D /* Assets.xcassets */,
				E45563BE2A6A136500AB767D /* Preview Content */,
			);
			path = PDFGenerator;
			sourceTree = "<group>";
		};
		E45563BE2A6A136500AB767D /* Preview Content */ = {
			isa = PBXGroup;
			children = (
				E45563BF2A6A136500AB767D /* Preview Assets.xcassets */,
			);
			path = "Preview Content";
			sourceTree = "<group>";
		};
		E4979D762A6BB62D000DC4F6 /* TestMaker */ = {
			isa = PBXGroup;
			children = (
				E45563DA2A6AA0C000AB767D /* CreateTestView.swift */,
				E4BB246C2A6ADCB4006D0CAD /* TextAndTextFieldView.swift */,
				E45563D62A6A5A1100AB767D /* PDFChangeView.swift */,
				E4979D772A6BB665000DC4F6 /* Model and ViewModel */,
			);
			path = TestMaker;
			sourceTree = "<group>";
		};
		E4979D772A6BB665000DC4F6 /* Model and ViewModel */ = {
			isa = PBXGroup;
			children = (
				E45563CD2A6A2EA400AB767D /* DataFile.swift */,
				E45563CF2A6A30B400AB767D /* DataViewModel.swift */,
			);
			path = "Model and ViewModel";
			sourceTree = "<group>";
		};
/* End PBXGroup section */

/* Begin PBXNativeTarget section */
		E45563B42A6A136300AB767D /* PDFGenerator */ = {
			isa = PBXNativeTarget;
			buildConfigurationList = E45563C32A6A136500AB767D /* Build configuration list for PBXNativeTarget "PDFGenerator" */;
			buildPhases = (
				E45563B12A6A136300AB767D /* Sources */,
				E45563B22A6A136300AB767D /* Frameworks */,
				E45563B32A6A136300AB767D /* Resources */,
			);
			buildRules = (
			);
			dependencies = (
			);
			name = PDFGenerator;
			productName = PDFGenerator;
			productReference = E45563B52A6A136300AB767D /* PDFGenerator.app */;
			productType = "com.apple.product-type.application";
		};
/* End PBXNativeTarget section */

/* Begin PBXProject section */
		E45563AD2A6A136300AB767D /* Project object */ = {
			isa = PBXProject;
			attributes = {
				BuildIndependentTargetsInParallel = 1;
				LastSwiftUpdateCheck = 1400;
				LastUpgradeCheck = 1400;
				TargetAttributes = {
					E45563B42A6A136300AB767D = {
						CreatedOnToolsVersion = 14.0.1;
					};
				};
			};
			buildConfigurationList = E45563B02A6A136300AB767D /* Build configuration list for PBXProject "PDFGenerator" */;
			compatibilityVersion = "Xcode 14.0";
			developmentRegion = en;
			hasScannedForEncodings = 0;
			knownRegions = (
				en,
				Base,
			);
			mainGroup = E45563AC2A6A136300AB767D;
			productRefGroup = E45563B62A6A136300AB767D /* Products */;
			projectDirPath = "";
			projectRoot = "";
			targets = (
				E45563B42A6A136300AB767D /* PDFGenerator */,
			);
		};
/* End PBXProject section */

/* Begin PBXResourcesBuildPhase section */
		E45563B32A6A136300AB767D /* Resources */ = {
			isa = PBXResourcesBuildPhase;
			buildActionMask = 2147483647;
			files = (
				E45563C02A6A136500AB767D /* Preview Assets.xcassets in Resources */,
				E45563BD2A6A136500AB767D /* Assets.xcassets in Resources */,
			);
			runOnlyForDeploymentPostprocessing = 0;
		};
/* End PBXResourcesBuildPhase section */

/* Begin PBXSourcesBuildPhase section */
		E45563B12A6A136300AB767D /* Sources */ = {
			isa = PBXSourcesBuildPhase;
			buildActionMask = 2147483647;
			files = (
				E45563BB2A6A136300AB767D /* ContentView.swift in Sources */,
				E45563DB2A6AA0C000AB767D /* CreateTestView.swift in Sources */,
				E45563D72A6A5A1100AB767D /* PDFChangeView.swift in Sources */,
				E45563CE2A6A2EA400AB767D /* DataFile.swift in Sources */,
				E45563B92A6A136300AB767D /* PDFGeneratorApp.swift in Sources */,
				E45563D02A6A30B400AB767D /* DataViewModel.swift in Sources */,
				E4BB246D2A6ADCB5006D0CAD /* TextAndTextFieldView.swift in Sources */,
			);
			runOnlyForDeploymentPostprocessing = 0;
		};
/* End PBXSourcesBuildPhase section */

/* Begin XCBuildConfiguration section */
		E45563C12A6A136500AB767D /* Debug */ = {
			isa = XCBuildConfiguration;
			buildSettings = {
				ALWAYS_SEARCH_USER_PATHS = NO;
				CLANG_ANALYZER_NONNULL = YES;
				CLANG_ANALYZER_NUMBER_OBJECT_CONVERSION = YES_AGGRESSIVE;
				CLANG_CXX_LANGUAGE_STANDARD = "gnu++20";
				CLANG_ENABLE_MODULES = YES;
				CLANG_ENABLE_OBJC_ARC = YES;
				CLANG_ENABLE_OBJC_WEAK = YES;
				CLANG_WARN_BLOCK_CAPTURE_AUTORELEASING = YES;
				CLANG_WARN_BOOL_CONVERSION = YES;
				CLANG_WARN_COMMA = YES;
				CLANG_WARN_CONSTANT_CONVERSION = YES;
				CLANG_WARN_DEPRECATED_OBJC_IMPLEMENTATIONS = YES;
				CLANG_WARN_DIRECT_OBJC_ISA_USAGE = YES_ERROR;
				CLANG_WARN_DOCUMENTATION_COMMENTS = YES;
				CLANG_WARN_EMPTY_BODY = YES;
				CLANG_WARN_ENUM_CONVERSION = YES;
				CLANG_WARN_INFINITE_RECURSION = YES;
				CLANG_WARN_INT_CONVERSION = YES;
				CLANG_WARN_NON_LITERAL_NULL_CONVERSION = YES;
				CLANG_WARN_OBJC_IMPLICIT_RETAIN_SELF = YES;
				CLANG_WARN_OBJC_LITERAL_CONVERSION = YES;
				CLANG_WARN_OBJC_ROOT_CLASS = YES_ERROR;
				CLANG_WARN_QUOTED_INCLUDE_IN_FRAMEWORK_HEADER = YES;
				CLANG_WARN_RANGE_LOOP_ANALYSIS = YES;
				CLANG_WARN_STRICT_PROTOTYPES = YES;
				CLANG_WARN_SUSPICIOUS_MOVE = YES;
				CLANG_WARN_UNGUARDED_AVAILABILITY = YES_AGGRESSIVE;
				CLANG_WARN_UNREACHABLE_CODE = YES;
				CLANG_WARN__DUPLICATE_METHOD_MATCH = YES;
				COPY_PHASE_STRIP = NO;
				DEBUG_INFORMATION_FORMAT = dwarf;
				ENABLE_STRICT_OBJC_MSGSEND = YES;
				ENABLE_TESTABILITY = YES;
				GCC_C_LANGUAGE_STANDARD = gnu11;
				GCC_DYNAMIC_NO_PIC = NO;
				GCC_NO_COMMON_BLOCKS = YES;
				GCC_OPTIMIZATION_LEVEL = 0;
				GCC_PREPROCESSOR_DEFINITIONS = (
					"DEBUG=1",
					"$(inherited)",
				);
				GCC_WARN_64_TO_32_BIT_CONVERSION = YES;
				GCC_WARN_ABOUT_RETURN_TYPE = YES_ERROR;
				GCC_WARN_UNDECLARED_SELECTOR = YES;
				GCC_WARN_UNINITIALIZED_AUTOS = YES_AGGRESSIVE;
				GCC_WARN_UNUSED_FUNCTION = YES;
				GCC_WARN_UNUSED_VARIABLE = YES;
				IPHONEOS_DEPLOYMENT_TARGET = 16.0;
				MTL_ENABLE_DEBUG_INFO = INCLUDE_SOURCE;
				MTL_FAST_MATH = YES;
				ONLY_ACTIVE_ARCH = YES;
				SDKROOT = iphoneos;
				SWIFT_ACTIVE_COMPILATION_CONDITIONS = DEBUG;
				SWIFT_OPTIMIZATION_LEVEL = "-Onone";
			};
			name = Debug;
		};
		E45563C22A6A136500AB767D /* Release */ = {
			isa = XCBuildConfiguration;
			buildSettings = {
				ALWAYS_SEARCH_USER_PATHS = NO;
				CLANG_ANALYZER_NONNULL = YES;
				CLANG_ANALYZER_NUMBER_OBJECT_CONVERSION = YES_AGGRESSIVE;
				CLANG_CXX_LANGUAGE_STANDARD = "gnu++20";
				CLANG_ENABLE_MODULES = YES;
				CLANG_ENABLE_OBJC_ARC = YES;
				CLANG_ENABLE_OBJC_WEAK = YES;
				CLANG_WARN_BLOCK_CAPTURE_AUTORELEASING = YES;
				CLANG_WARN_BOOL_CONVERSION = YES;
				CLANG_WARN_COMMA = YES;
				CLANG_WARN_CONSTANT_CONVERSION = YES;
				CLANG_WARN_DEPRECATED_OBJC_IMPLEMENTATIONS = YES;
				CLANG_WARN_DIRECT_OBJC_ISA_USAGE = YES_ERROR;
				CLANG_WARN_DOCUMENTATION_COMMENTS = YES;
				CLANG_WARN_EMPTY_BODY = YES;
				CLANG_WARN_ENUM_CONVERSION = YES;
				CLANG_WARN_INFINITE_RECURSION = YES;
				CLANG_WARN_INT_CONVERSION = YES;
				CLANG_WARN_NON_LITERAL_NULL_CONVERSION = YES;
				CLANG_WARN_OBJC_IMPLICIT_RETAIN_SELF = YES;
				CLANG_WARN_OBJC_LITERAL_CONVERSION = YES;
				CLANG_WARN_OBJC_ROOT_CLASS = YES_ERROR;
				CLANG_WARN_QUOTED_INCLUDE_IN_FRAMEWORK_HEADER = YES;
				CLANG_WARN_RANGE_LOOP_ANALYSIS = YES;
				CLANG_WARN_STRICT_PROTOTYPES = YES;
				CLANG_WARN_SUSPICIOUS_MOVE = YES;
				CLANG_WARN_UNGUARDED_AVAILABILITY = YES_AGGRESSIVE;
				CLANG_WARN_UNREACHABLE_CODE = YES;
				CLANG_WARN__DUPLICATE_METHOD_MATCH = YES;
				COPY_PHASE_STRIP = NO;
				DEBUG_INFORMATION_FORMAT = "dwarf-with-dsym";
				ENABLE_NS_ASSERTIONS = NO;
				ENABLE_STRICT_OBJC_MSGSEND = YES;
				GCC_C_LANGUAGE_STANDARD = gnu11;
				GCC_NO_COMMON_BLOCKS = YES;
				GCC_WARN_64_TO_32_BIT_CONVERSION = YES;
				GCC_WARN_ABOUT_RETURN_TYPE = YES_ERROR;
				GCC_WARN_UNDECLARED_SELECTOR = YES;
				GCC_WARN_UNINITIALIZED_AUTOS = YES_AGGRESSIVE;
				GCC_WARN_UNUSED_FUNCTION = YES;
				GCC_WARN_UNUSED_VARIABLE = YES;
				IPHONEOS_DEPLOYMENT_TARGET = 16.0;
				MTL_ENABLE_DEBUG_INFO = NO;
				MTL_FAST_MATH = YES;
				SDKROOT = iphoneos;
				SWIFT_COMPILATION_MODE = wholemodule;
				SWIFT_OPTIMIZATION_LEVEL = "-O";
				VALIDATE_PRODUCT = YES;
			};
			name = Release;
		};
		E45563C42A6A136500AB767D /* Debug */ = {
			isa = XCBuildConfiguration;
			buildSettings = {
				ASSETCATALOG_COMPILER_APPICON_NAME = AppIcon;
				ASSETCATALOG_COMPILER_GLOBAL_ACCENT_COLOR_NAME = AccentColor;
				CODE_SIGN_STYLE = Automatic;
				CURRENT_PROJECT_VERSION = 1;
				DEVELOPMENT_ASSET_PATHS = "\"PDFGenerator/Preview Content\"";
				DEVELOPMENT_TEAM = DJUMY8R2M9;
				ENABLE_PREVIEWS = YES;
				GENERATE_INFOPLIST_FILE = YES;
				INFOPLIST_KEY_UIApplicationSceneManifest_Generation = YES;
				INFOPLIST_KEY_UIApplicationSupportsIndirectInputEvents = YES;
				INFOPLIST_KEY_UILaunchScreen_Generation = YES;
				INFOPLIST_KEY_UISupportedInterfaceOrientations_iPad = "UIInterfaceOrientationPortrait UIInterfaceOrientationPortraitUpsideDown UIInterfaceOrientationLandscapeLeft UIInterfaceOrientationLandscapeRight";
				INFOPLIST_KEY_UISupportedInterfaceOrientations_iPhone = "UIInterfaceOrientationPortrait UIInterfaceOrientationLandscapeLeft UIInterfaceOrientationLandscapeRight";
				LD_RUNPATH_SEARCH_PATHS = (
					"$(inherited)",
					"@executable_path/Frameworks",
				);
				MARKETING_VERSION = 1.0;
				PRODUCT_BUNDLE_IDENTIFIER = com.twixour.PDFGenerator;
				PRODUCT_NAME = "$(TARGET_NAME)";
				SWIFT_EMIT_LOC_STRINGS = YES;
				SWIFT_VERSION = 5.0;
				TARGETED_DEVICE_FAMILY = "1,2";
			};
			name = Debug;
		};
		E45563C52A6A136500AB767D /* Release */ = {
			isa = XCBuildConfiguration;
			buildSettings = {
				ASSETCATALOG_COMPILER_APPICON_NAME = AppIcon;
				ASSETCATALOG_COMPILER_GLOBAL_ACCENT_COLOR_NAME = AccentColor;
				CODE_SIGN_STYLE = Automatic;
				CURRENT_PROJECT_VERSION = 1;
				DEVELOPMENT_ASSET_PATHS = "\"PDFGenerator/Preview Content\"";
				DEVELOPMENT_TEAM = DJUMY8R2M9;
				ENABLE_PREVIEWS = YES;
				GENERATE_INFOPLIST_FILE = YES;
				INFOPLIST_KEY_UIApplicationSceneManifest_Generation = YES;
				INFOPLIST_KEY_UIApplicationSupportsIndirectInputEvents = YES;
				INFOPLIST_KEY_UILaunchScreen_Generation = YES;
				INFOPLIST_KEY_UISupportedInterfaceOrientations_iPad = "UIInterfaceOrientationPortrait UIInterfaceOrientationPortraitUpsideDown UIInterfaceOrientationLandscapeLeft UIInterfaceOrientationLandscapeRight";
				INFOPLIST_KEY_UISupportedInterfaceOrientations_iPhone = "UIInterfaceOrientationPortrait UIInterfaceOrientationLandscapeLeft UIInterfaceOrientationLandscapeRight";
				LD_RUNPATH_SEARCH_PATHS = (
					"$(inherited)",
					"@executable_path/Frameworks",
				);
				MARKETING_VERSION = 1.0;
				PRODUCT_BUNDLE_IDENTIFIER = com.twixour.PDFGenerator;
				PRODUCT_NAME = "$(TARGET_NAME)";
				SWIFT_EMIT_LOC_STRINGS = YES;
				SWIFT_VERSION = 5.0;
				TARGETED_DEVICE_FAMILY = "1,2";
			};
			name = Release;
		};
/* End XCBuildConfiguration section */

/* Begin XCConfigurationList section */
		E45563B02A6A136300AB767D /* Build configuration list for PBXProject "PDFGenerator" */ = {
			isa = XCConfigurationList;
			buildConfigurations = (
				E45563C12A6A136500AB767D /* Debug */,
				E45563C22A6A136500AB767D /* Release */,
			);
			defaultConfigurationIsVisible = 0;
			defaultConfigurationName = Release;
		};
		E45563C32A6A136500AB767D /* Build configuration list for PBXNativeTarget "PDFGenerator" */ = {
			isa = XCConfigurationList;
			buildConfigurations = (
				E45563C42A6A136500AB767D /* Debug */,
				E45563C52A6A136500AB767D /* Release */,
			);
			defaultConfigurationIsVisible = 0;
			defaultConfigurationName = Release;
		};
/* End XCConfigurationList section */
	};
	rootObject = E45563AD2A6A136300AB767D /* Project object */;
}
